
Microsoft Visual Studio Solution File, Format Version 12.00
# Visual Studio Version 17
VisualStudioVersion = 17.3.32825.248
MinimumVisualStudioVersion = 10.0.40219.1
Project("{8BC9CEB8-8B4A-11D0-8D11-00A0C91BC942}") = "Json", "Json.vcxproj", "{919A4B99-96AA-476D-B832-BEF7A8389675}"
EndProject
Global
	GlobalSection(SolutionConfigurationPlatforms) = preSolution
		Debug|x64 = Debug|x64
		Release|x64 = Release|x64
	EndGlobalSection
	GlobalSection(ProjectConfigurationPlatforms) = postSolution
		{919A4B99-96AA-476D-B832-BEF7A8389675}.Debug|x64.ActiveCfg = Debug|x64
		{919A4B99-96AA-476D-B832-BEF7A8389675}.Debug|x64.Build.0 = Debug|x64
		{919A4B99-96AA-476D-B832-BEF7A8389675}.Release|x64.ActiveCfg = Release|x64
		{919A4B99-96AA-476D-B832-BEF7A8389675}.Release|x64.Build.0 = Release|x64
	EndGlobalSection
	GlobalSection(SolutionProperties) = preSolution
		HideSolutionNode = FALSE
	EndGlobalSection
	GlobalSection(ExtensibilityGlobals) = postSolution
		SolutionGuid = {E0A97A60-E7CE-4ED7-8C1B-18292C56BF29}
	EndGlobalSection
EndGlobal
